{
  "object": {
    "pins": [
      {
        "package": "Aperture",
        "repositoryURL": "https://github.com/gitduckhq/Aperture",
        "state": {
          "branch": "master",
          "revision": "522aec32f31476f9e912e90f93de8318a6ba2ccb",
          "version": null
        }
      }
    ]
  },
  "version": 1
}
